
Microsoft Visual Studio Solution File, Format Version 11.00
# Visual Basic Express 2010
Project("{F184B08F-C81C-45F6-A57F-5ABD9991F28F}") = "TM1_Controller_Test", "TM1_Controller_Test.vbproj", "{225699DC-0707-4346-ABEC-05F7C5CA0A06}"
EndProject
Global
	GlobalSection(SolutionConfigurationPlatforms) = preSolution
		Debug|x86 = Debug|x86
		Release|x86 = Release|x86
	EndGlobalSection
	GlobalSection(ProjectConfigurationPlatforms) = postSolution
		{225699DC-0707-4346-ABEC-05F7C5CA0A06}.Debug|x86.ActiveCfg = Debug|x86
		{225699DC-0707-4346-ABEC-05F7C5CA0A06}.Debug|x86.Build.0 = Debug|x86
		{225699DC-0707-4346-ABEC-05F7C5CA0A06}.Release|x86.ActiveCfg = Release|x86
		{225699DC-0707-4346-ABEC-05F7C5CA0A06}.Release|x86.Build.0 = Release|x86
	EndGlobalSection
	GlobalSection(SolutionProperties) = preSolution
		HideSolutionNode = FALSE
	EndGlobalSection
EndGlobal
